// !$*UTF8*$!
{
	archiveVersion = 1;
	classes = {
	};
	objectVersion = 55;
	objects = {

/* Begin PBXBuildFile section */
		718045B029C55BBB0019C17A /* AppDelegate.swift in Sources */ = {isa = PBXBuildFile; fileRef = 718045AF29C55BBB0019C17A /* AppDelegate.swift */; };
		718045B429C55BBB0019C17A /* LoginViewController.swift in Sources */ = {isa = PBXBuildFile; fileRef = 718045B329C55BBB0019C17A /* LoginViewController.swift */; };
		718045B929C55BBF0019C17A /* Assets.xcassets in Resources */ = {isa = PBXBuildFile; fileRef = 718045B829C55BBF0019C17A /* Assets.xcassets */; };
		718045BC29C55BBF0019C17A /* LaunchScreen.storyboard in Resources */ = {isa = PBXBuildFile; fileRef = 718045BA29C55BBF0019C17A /* LaunchScreen.storyboard */; };
		718045C729C562A00019C17A /* LoginView.swift in Sources */ = {isa = PBXBuildFile; fileRef = 718045C629C562A00019C17A /* LoginView.swift */; };
		718045CA29C6C91E0019C17A /* OnboardingContainerViewController.swift in Sources */ = {isa = PBXBuildFile; fileRef = 718045C929C6C91E0019C17A /* OnboardingContainerViewController.swift */; };
		718045CC29C9461E0019C17A /* OnboardingViewController.swift in Sources */ = {isa = PBXBuildFile; fileRef = 718045CB29C9461E0019C17A /* OnboardingViewController.swift */; };
		718045CE29CE9DB80019C17A /* DummyVC.swift in Sources */ = {isa = PBXBuildFile; fileRef = 718045CD29CE9DB80019C17A /* DummyVC.swift */; };
		718045D129CEA44A0019C17A /* LocalState.swift in Sources */ = {isa = PBXBuildFile; fileRef = 718045D029CEA44A0019C17A /* LocalState.swift */; };
		718045D329D00DAE0019C17A /* UIViewControllerPlusUtils.swift in Sources */ = {isa = PBXBuildFile; fileRef = 718045D229D00DAE0019C17A /* UIViewControllerPlusUtils.swift */; };
		718045D529D00E540019C17A /* MainViewController.swift in Sources */ = {isa = PBXBuildFile; fileRef = 718045D429D00E540019C17A /* MainViewController.swift */; };
		718045D829D0E1DA0019C17A /* AccountSummaryViewController.swift in Sources */ = {isa = PBXBuildFile; fileRef = 718045D729D0E1DA0019C17A /* AccountSummaryViewController.swift */; };
		718045DA29D0F14B0019C17A /* AccountSummaryHeaderView.swift in Sources */ = {isa = PBXBuildFile; fileRef = 718045D929D0F14B0019C17A /* AccountSummaryHeaderView.swift */; };
		718045DC29D0F17D0019C17A /* AccountSummaryHeaderView.xib in Resources */ = {isa = PBXBuildFile; fileRef = 718045DB29D0F17D0019C17A /* AccountSummaryHeaderView.xib */; };
/* End PBXBuildFile section */

/* Begin PBXFileReference section */
		718045AC29C55BBB0019C17A /* Bankey.app */ = {isa = PBXFileReference; explicitFileType = wrapper.application; includeInIndex = 0; path = Bankey.app; sourceTree = BUILT_PRODUCTS_DIR; };
		718045AF29C55BBB0019C17A /* AppDelegate.swift */ = {isa = PBXFileReference; lastKnownFileType = sourcecode.swift; path = AppDelegate.swift; sourceTree = "<group>"; };
		718045B329C55BBB0019C17A /* LoginViewController.swift */ = {isa = PBXFileReference; lastKnownFileType = sourcecode.swift; path = LoginViewController.swift; sourceTree = "<group>"; };
		718045B829C55BBF0019C17A /* Assets.xcassets */ = {isa = PBXFileReference; lastKnownFileType = folder.assetcatalog; path = Assets.xcassets; sourceTree = "<group>"; };
		718045BB29C55BBF0019C17A /* Base */ = {isa = PBXFileReference; lastKnownFileType = file.storyboard; name = Base; path = Base.lproj/LaunchScreen.storyboard; sourceTree = "<group>"; };
		718045BD29C55BBF0019C17A /* Info.plist */ = {isa = PBXFileReference; lastKnownFileType = text.plist.xml; path = Info.plist; sourceTree = "<group>"; };
		718045C629C562A00019C17A /* LoginView.swift */ = {isa = PBXFileReference; lastKnownFileType = sourcecode.swift; path = LoginView.swift; sourceTree = "<group>"; };
		718045C929C6C91E0019C17A /* OnboardingContainerViewController.swift */ = {isa = PBXFileReference; lastKnownFileType = sourcecode.swift; path = OnboardingContainerViewController.swift; sourceTree = "<group>"; };
		718045CB29C9461E0019C17A /* OnboardingViewController.swift */ = {isa = PBXFileReference; lastKnownFileType = sourcecode.swift; path = OnboardingViewController.swift; sourceTree = "<group>"; };
		718045CD29CE9DB80019C17A /* DummyVC.swift */ = {isa = PBXFileReference; lastKnownFileType = sourcecode.swift; path = DummyVC.swift; sourceTree = "<group>"; };
		718045D029CEA44A0019C17A /* LocalState.swift */ = {isa = PBXFileReference; lastKnownFileType = sourcecode.swift; path = LocalState.swift; sourceTree = "<group>"; };
		718045D229D00DAE0019C17A /* UIViewControllerPlusUtils.swift */ = {isa = PBXFileReference; lastKnownFileType = sourcecode.swift; path = UIViewControllerPlusUtils.swift; sourceTree = "<group>"; };
		718045D429D00E540019C17A /* MainViewController.swift */ = {isa = PBXFileReference; lastKnownFileType = sourcecode.swift; path = MainViewController.swift; sourceTree = "<group>"; };
		718045D729D0E1DA0019C17A /* AccountSummaryViewController.swift */ = {isa = PBXFileReference; lastKnownFileType = sourcecode.swift; path = AccountSummaryViewController.swift; sourceTree = "<group>"; };
		718045D929D0F14B0019C17A /* AccountSummaryHeaderView.swift */ = {isa = PBXFileReference; lastKnownFileType = sourcecode.swift; path = AccountSummaryHeaderView.swift; sourceTree = "<group>"; };
		718045DB29D0F17D0019C17A /* AccountSummaryHeaderView.xib */ = {isa = PBXFileReference; lastKnownFileType = file.xib; path = AccountSummaryHeaderView.xib; sourceTree = "<group>"; };
/* End PBXFileReference section */

/* Begin PBXFrameworksBuildPhase section */
		718045A929C55BBB0019C17A /* Frameworks */ = {
			isa = PBXFrameworksBuildPhase;
			buildActionMask = 2147483647;
			files = (
			);
			runOnlyForDeploymentPostprocessing = 0;
		};
/* End PBXFrameworksBuildPhase section */

/* Begin PBXGroup section */
		718045A329C55BBB0019C17A = {
			isa = PBXGroup;
			children = (
				718045AE29C55BBB0019C17A /* Bankey */,
				718045AD29C55BBB0019C17A /* Products */,
			);
			sourceTree = "<group>";
		};
		718045AD29C55BBB0019C17A /* Products */ = {
			isa = PBXGroup;
			children = (
				718045AC29C55BBB0019C17A /* Bankey.app */,
			);
			name = Products;
			sourceTree = "<group>";
		};
		718045AE29C55BBB0019C17A /* Bankey */ = {
			isa = PBXGroup;
			children = (
				718045AF29C55BBB0019C17A /* AppDelegate.swift */,
				718045D429D00E540019C17A /* MainViewController.swift */,
				718045C529C562780019C17A /* Login */,
				718045C829C6C8D20019C17A /* Onboarding */,
				718045D629D0E1A80019C17A /* AccountSummary */,
				718045CF29CEA4360019C17A /* Utils */,
				718045C329C562260019C17A /* Files */,
			);
			path = Bankey;
			sourceTree = "<group>";
		};
		718045C329C562260019C17A /* Files */ = {
			isa = PBXGroup;
			children = (
				718045B829C55BBF0019C17A /* Assets.xcassets */,
				718045BA29C55BBF0019C17A /* LaunchScreen.storyboard */,
				718045BD29C55BBF0019C17A /* Info.plist */,
			);
			name = Files;
			sourceTree = "<group>";
		};
		718045C529C562780019C17A /* Login */ = {
			isa = PBXGroup;
			children = (
				718045B329C55BBB0019C17A /* LoginViewController.swift */,
				718045C629C562A00019C17A /* LoginView.swift */,
				718045CD29CE9DB80019C17A /* DummyVC.swift */,
			);
			path = Login;
			sourceTree = "<group>";
		};
		718045C829C6C8D20019C17A /* Onboarding */ = {
			isa = PBXGroup;
			children = (
				718045C929C6C91E0019C17A /* OnboardingContainerViewController.swift */,
				718045CB29C9461E0019C17A /* OnboardingViewController.swift */,
			);
			path = Onboarding;
			sourceTree = "<group>";
		};
		718045CF29CEA4360019C17A /* Utils */ = {
			isa = PBXGroup;
			children = (
				718045D029CEA44A0019C17A /* LocalState.swift */,
				718045D229D00DAE0019C17A /* UIViewControllerPlusUtils.swift */,
			);
			path = Utils;
			sourceTree = "<group>";
		};
		718045D629D0E1A80019C17A /* AccountSummary */ = {
			isa = PBXGroup;
			children = (
				718045D729D0E1DA0019C17A /* AccountSummaryViewController.swift */,
				718045D929D0F14B0019C17A /* AccountSummaryHeaderView.swift */,
				718045DB29D0F17D0019C17A /* AccountSummaryHeaderView.xib */,
			);
			path = AccountSummary;
			sourceTree = "<group>";
		};
/* End PBXGroup section */

/* Begin PBXNativeTarget section */
		718045AB29C55BBB0019C17A /* Bankey */ = {
			isa = PBXNativeTarget;
			buildConfigurationList = 718045C029C55BBF0019C17A /* Build configuration list for PBXNativeTarget "Bankey" */;
			buildPhases = (
				718045A829C55BBB0019C17A /* Sources */,
				718045A929C55BBB0019C17A /* Frameworks */,
				718045AA29C55BBB0019C17A /* Resources */,
			);
			buildRules = (
			);
			dependencies = (
			);
			name = Bankey;
			productName = Bankey;
			productReference = 718045AC29C55BBB0019C17A /* Bankey.app */;
			productType = "com.apple.product-type.application";
		};
/* End PBXNativeTarget section */

/* Begin PBXProject section */
		718045A429C55BBB0019C17A /* Project object */ = {
			isa = PBXProject;
			attributes = {
				BuildIndependentTargetsInParallel = 1;
				LastSwiftUpdateCheck = 1320;
				LastUpgradeCheck = 1320;
				TargetAttributes = {
					718045AB29C55BBB0019C17A = {
						CreatedOnToolsVersion = 13.2;
					};
				};
			};
			buildConfigurationList = 718045A729C55BBB0019C17A /* Build configuration list for PBXProject "Bankey" */;
			compatibilityVersion = "Xcode 13.0";
			developmentRegion = en;
			hasScannedForEncodings = 0;
			knownRegions = (
				en,
				Base,
			);
			mainGroup = 718045A329C55BBB0019C17A;
			productRefGroup = 718045AD29C55BBB0019C17A /* Products */;
			projectDirPath = "";
			projectRoot = "";
			targets = (
				718045AB29C55BBB0019C17A /* Bankey */,
			);
		};
/* End PBXProject section */

/* Begin PBXResourcesBuildPhase section */
		718045AA29C55BBB0019C17A /* Resources */ = {
			isa = PBXResourcesBuildPhase;
			buildActionMask = 2147483647;
			files = (
				718045DC29D0F17D0019C17A /* AccountSummaryHeaderView.xib in Resources */,
				718045BC29C55BBF0019C17A /* LaunchScreen.storyboard in Resources */,
				718045B929C55BBF0019C17A /* Assets.xcassets in Resources */,
			);
			runOnlyForDeploymentPostprocessing = 0;
		};
/* End PBXResourcesBuildPhase section */

/* Begin PBXSourcesBuildPhase section */
		718045A829C55BBB0019C17A /* Sources */ = {
			isa = PBXSourcesBuildPhase;
			buildActionMask = 2147483647;
			files = (
				718045C729C562A00019C17A /* LoginView.swift in Sources */,
				718045D129CEA44A0019C17A /* LocalState.swift in Sources */,
				718045CE29CE9DB80019C17A /* DummyVC.swift in Sources */,
				718045DA29D0F14B0019C17A /* AccountSummaryHeaderView.swift in Sources */,
				718045B429C55BBB0019C17A /* LoginViewController.swift in Sources */,
				718045D329D00DAE0019C17A /* UIViewControllerPlusUtils.swift in Sources */,
				718045CC29C9461E0019C17A /* OnboardingViewController.swift in Sources */,
				718045D529D00E540019C17A /* MainViewController.swift in Sources */,
				718045D829D0E1DA0019C17A /* AccountSummaryViewController.swift in Sources */,
				718045B029C55BBB0019C17A /* AppDelegate.swift in Sources */,
				718045CA29C6C91E0019C17A /* OnboardingContainerViewController.swift in Sources */,
			);
			runOnlyForDeploymentPostprocessing = 0;
		};
/* End PBXSourcesBuildPhase section */

/* Begin PBXVariantGroup section */
		718045BA29C55BBF0019C17A /* LaunchScreen.storyboard */ = {
			isa = PBXVariantGroup;
			children = (
				718045BB29C55BBF0019C17A /* Base */,
			);
			name = LaunchScreen.storyboard;
			sourceTree = "<group>";
		};
/* End PBXVariantGroup section */

/* Begin XCBuildConfiguration section */
		718045BE29C55BBF0019C17A /* Debug */ = {
			isa = XCBuildConfiguration;
			buildSettings = {
				ALWAYS_SEARCH_USER_PATHS = NO;
				CLANG_ANALYZER_NONNULL = YES;
				CLANG_ANALYZER_NUMBER_OBJECT_CONVERSION = YES_AGGRESSIVE;
				CLANG_CXX_LANGUAGE_STANDARD = "gnu++17";
				CLANG_CXX_LIBRARY = "libc++";
				CLANG_ENABLE_MODULES = YES;
				CLANG_ENABLE_OBJC_ARC = YES;
				CLANG_ENABLE_OBJC_WEAK = YES;
				CLANG_WARN_BLOCK_CAPTURE_AUTORELEASING = YES;
				CLANG_WARN_BOOL_CONVERSION = YES;
				CLANG_WARN_COMMA = YES;
				CLANG_WARN_CONSTANT_CONVERSION = YES;
				CLANG_WARN_DEPRECATED_OBJC_IMPLEMENTATIONS = YES;
				CLANG_WARN_DIRECT_OBJC_ISA_USAGE = YES_ERROR;
				CLANG_WARN_DOCUMENTATION_COMMENTS = YES;
				CLANG_WARN_EMPTY_BODY = YES;
				CLANG_WARN_ENUM_CONVERSION = YES;
				CLANG_WARN_INFINITE_RECURSION = YES;
				CLANG_WARN_INT_CONVERSION = YES;
				CLANG_WARN_NON_LITERAL_NULL_CONVERSION = YES;
				CLANG_WARN_OBJC_IMPLICIT_RETAIN_SELF = YES;
				CLANG_WARN_OBJC_LITERAL_CONVERSION = YES;
				CLANG_WARN_OBJC_ROOT_CLASS = YES_ERROR;
				CLANG_WARN_QUOTED_INCLUDE_IN_FRAMEWORK_HEADER = YES;
				CLANG_WARN_RANGE_LOOP_ANALYSIS = YES;
				CLANG_WARN_STRICT_PROTOTYPES = YES;
				CLANG_WARN_SUSPICIOUS_MOVE = YES;
				CLANG_WARN_UNGUARDED_AVAILABILITY = YES_AGGRESSIVE;
				CLANG_WARN_UNREACHABLE_CODE = YES;
				CLANG_WARN__DUPLICATE_METHOD_MATCH = YES;
				COPY_PHASE_STRIP = NO;
				DEBUG_INFORMATION_FORMAT = dwarf;
				ENABLE_STRICT_OBJC_MSGSEND = YES;
				ENABLE_TESTABILITY = YES;
				GCC_C_LANGUAGE_STANDARD = gnu11;
				GCC_DYNAMIC_NO_PIC = NO;
				GCC_NO_COMMON_BLOCKS = YES;
				GCC_OPTIMIZATION_LEVEL = 0;
				GCC_PREPROCESSOR_DEFINITIONS = (
					"DEBUG=1",
					"$(inherited)",
				);
				GCC_WARN_64_TO_32_BIT_CONVERSION = YES;
				GCC_WARN_ABOUT_RETURN_TYPE = YES_ERROR;
				GCC_WARN_UNDECLARED_SELECTOR = YES;
				GCC_WARN_UNINITIALIZED_AUTOS = YES_AGGRESSIVE;
				GCC_WARN_UNUSED_FUNCTION = YES;
				GCC_WARN_UNUSED_VARIABLE = YES;
				IPHONEOS_DEPLOYMENT_TARGET = 15.2;
				MTL_ENABLE_DEBUG_INFO = INCLUDE_SOURCE;
				MTL_FAST_MATH = YES;
				ONLY_ACTIVE_ARCH = YES;
				SDKROOT = iphoneos;
				SWIFT_ACTIVE_COMPILATION_CONDITIONS = DEBUG;
				SWIFT_OPTIMIZATION_LEVEL = "-Onone";
			};
			name = Debug;
		};
		718045BF29C55BBF0019C17A /* Release */ = {
			isa = XCBuildConfiguration;
			buildSettings = {
				ALWAYS_SEARCH_USER_PATHS = NO;
				CLANG_ANALYZER_NONNULL = YES;
				CLANG_ANALYZER_NUMBER_OBJECT_CONVERSION = YES_AGGRESSIVE;
				CLANG_CXX_LANGUAGE_STANDARD = "gnu++17";
				CLANG_CXX_LIBRARY = "libc++";
				CLANG_ENABLE_MODULES = YES;
				CLANG_ENABLE_OBJC_ARC = YES;
				CLANG_ENABLE_OBJC_WEAK = YES;
				CLANG_WARN_BLOCK_CAPTURE_AUTORELEASING = YES;
				CLANG_WARN_BOOL_CONVERSION = YES;
				CLANG_WARN_COMMA = YES;
				CLANG_WARN_CONSTANT_CONVERSION = YES;
				CLANG_WARN_DEPRECATED_OBJC_IMPLEMENTATIONS = YES;
				CLANG_WARN_DIRECT_OBJC_ISA_USAGE = YES_ERROR;
				CLANG_WARN_DOCUMENTATION_COMMENTS = YES;
				CLANG_WARN_EMPTY_BODY = YES;
				CLANG_WARN_ENUM_CONVERSION = YES;
				CLANG_WARN_INFINITE_RECURSION = YES;
				CLANG_WARN_INT_CONVERSION = YES;
				CLANG_WARN_NON_LITERAL_NULL_CONVERSION = YES;
				CLANG_WARN_OBJC_IMPLICIT_RETAIN_SELF = YES;
				CLANG_WARN_OBJC_LITERAL_CONVERSION = YES;
				CLANG_WARN_OBJC_ROOT_CLASS = YES_ERROR;
				CLANG_WARN_QUOTED_INCLUDE_IN_FRAMEWORK_HEADER = YES;
				CLANG_WARN_RANGE_LOOP_ANALYSIS = YES;
				CLANG_WARN_STRICT_PROTOTYPES = YES;
				CLANG_WARN_SUSPICIOUS_MOVE = YES;
				CLANG_WARN_UNGUARDED_AVAILABILITY = YES_AGGRESSIVE;
				CLANG_WARN_UNREACHABLE_CODE = YES;
				CLANG_WARN__DUPLICATE_METHOD_MATCH = YES;
				COPY_PHASE_STRIP = NO;
				DEBUG_INFORMATION_FORMAT = "dwarf-with-dsym";
				ENABLE_NS_ASSERTIONS = NO;
				ENABLE_STRICT_OBJC_MSGSEND = YES;
				GCC_C_LANGUAGE_STANDARD = gnu11;
				GCC_NO_COMMON_BLOCKS = YES;
				GCC_WARN_64_TO_32_BIT_CONVERSION = YES;
				GCC_WARN_ABOUT_RETURN_TYPE = YES_ERROR;
				GCC_WARN_UNDECLARED_SELECTOR = YES;
				GCC_WARN_UNINITIALIZED_AUTOS = YES_AGGRESSIVE;
				GCC_WARN_UNUSED_FUNCTION = YES;
				GCC_WARN_UNUSED_VARIABLE = YES;
				IPHONEOS_DEPLOYMENT_TARGET = 15.2;
				MTL_ENABLE_DEBUG_INFO = NO;
				MTL_FAST_MATH = YES;
				SDKROOT = iphoneos;
				SWIFT_COMPILATION_MODE = wholemodule;
				SWIFT_OPTIMIZATION_LEVEL = "-O";
				VALIDATE_PRODUCT = YES;
			};
			name = Release;
		};
		718045C129C55BBF0019C17A /* Debug */ = {
			isa = XCBuildConfiguration;
			buildSettings = {
				ASSETCATALOG_COMPILER_APPICON_NAME = AppIcon;
				ASSETCATALOG_COMPILER_GLOBAL_ACCENT_COLOR_NAME = AccentColor;
				CODE_SIGN_STYLE = Automatic;
				CURRENT_PROJECT_VERSION = 1;
				GENERATE_INFOPLIST_FILE = YES;
				INFOPLIST_FILE = Bankey/Info.plist;
				INFOPLIST_KEY_UIApplicationSupportsIndirectInputEvents = YES;
				INFOPLIST_KEY_UILaunchStoryboardName = LaunchScreen;
				INFOPLIST_KEY_UISupportedInterfaceOrientations_iPad = "UIInterfaceOrientationPortrait UIInterfaceOrientationPortraitUpsideDown UIInterfaceOrientationLandscapeLeft UIInterfaceOrientationLandscapeRight";
				INFOPLIST_KEY_UISupportedInterfaceOrientations_iPhone = "UIInterfaceOrientationPortrait UIInterfaceOrientationLandscapeLeft UIInterfaceOrientationLandscapeRight";
				LD_RUNPATH_SEARCH_PATHS = (
					"$(inherited)",
					"@executable_path/Frameworks",
				);
				MARKETING_VERSION = 1.0;
				PRODUCT_BUNDLE_IDENTIFIER = jp.company.Bankey;
				PRODUCT_NAME = "$(TARGET_NAME)";
				SWIFT_EMIT_LOC_STRINGS = YES;
				SWIFT_VERSION = 5.0;
				TARGETED_DEVICE_FAMILY = "1,2";
			};
			name = Debug;
		};
		718045C229C55BBF0019C17A /* Release */ = {
			isa = XCBuildConfiguration;
			buildSettings = {
				ASSETCATALOG_COMPILER_APPICON_NAME = AppIcon;
				ASSETCATALOG_COMPILER_GLOBAL_ACCENT_COLOR_NAME = AccentColor;
				CODE_SIGN_STYLE = Automatic;
				CURRENT_PROJECT_VERSION = 1;
				GENERATE_INFOPLIST_FILE = YES;
				INFOPLIST_FILE = Bankey/Info.plist;
				INFOPLIST_KEY_UIApplicationSupportsIndirectInputEvents = YES;
				INFOPLIST_KEY_UILaunchStoryboardName = LaunchScreen;
				INFOPLIST_KEY_UISupportedInterfaceOrientations_iPad = "UIInterfaceOrientationPortrait UIInterfaceOrientationPortraitUpsideDown UIInterfaceOrientationLandscapeLeft UIInterfaceOrientationLandscapeRight";
				INFOPLIST_KEY_UISupportedInterfaceOrientations_iPhone = "UIInterfaceOrientationPortrait UIInterfaceOrientationLandscapeLeft UIInterfaceOrientationLandscapeRight";
				LD_RUNPATH_SEARCH_PATHS = (
					"$(inherited)",
					"@executable_path/Frameworks",
				);
				MARKETING_VERSION = 1.0;
				PRODUCT_BUNDLE_IDENTIFIER = jp.company.Bankey;
				PRODUCT_NAME = "$(TARGET_NAME)";
				SWIFT_EMIT_LOC_STRINGS = YES;
				SWIFT_VERSION = 5.0;
				TARGETED_DEVICE_FAMILY = "1,2";
			};
			name = Release;
		};
/* End XCBuildConfiguration section */

/* Begin XCConfigurationList section */
		718045A729C55BBB0019C17A /* Build configuration list for PBXProject "Bankey" */ = {
			isa = XCConfigurationList;
			buildConfigurations = (
				718045BE29C55BBF0019C17A /* Debug */,
				718045BF29C55BBF0019C17A /* Release */,
			);
			defaultConfigurationIsVisible = 0;
			defaultConfigurationName = Release;
		};
		718045C029C55BBF0019C17A /* Build configuration list for PBXNativeTarget "Bankey" */ = {
			isa = XCConfigurationList;
			buildConfigurations = (
				718045C129C55BBF0019C17A /* Debug */,
				718045C229C55BBF0019C17A /* Release */,
			);
			defaultConfigurationIsVisible = 0;
			defaultConfigurationName = Release;
		};
/* End XCConfigurationList section */
	};
	rootObject = 718045A429C55BBB0019C17A /* Project object */;
}
